
Microsoft Visual Studio Solution File, Format Version 12.00
# Visual Studio 14
VisualStudioVersion = 14.0.25420.1
MinimumVisualStudioVersion = 10.0.40219.1
Project("{FAE04EC0-301F-11D3-BF4B-00C04F79EFBC}") = "HackAtHome", "HackAtHome\HackAtHome.csproj", "{A3AF9154-D62D-48DF-B421-7CE5ECA17EFA}"
EndProject
Global
	GlobalSection(SolutionConfigurationPlatforms) = preSolution
		Debug|Any CPU = Debug|Any CPU
		Release|Any CPU = Release|Any CPU
	EndGlobalSection
	GlobalSection(ProjectConfigurationPlatforms) = postSolution
		{A3AF9154-D62D-48DF-B421-7CE5ECA17EFA}.Debug|Any CPU.ActiveCfg = Debug|Any CPU
		{A3AF9154-D62D-48DF-B421-7CE5ECA17EFA}.Debug|Any CPU.Build.0 = Debug|Any CPU
		{A3AF9154-D62D-48DF-B421-7CE5ECA17EFA}.Debug|Any CPU.Deploy.0 = Debug|Any CPU
		{A3AF9154-D62D-48DF-B421-7CE5ECA17EFA}.Release|Any CPU.ActiveCfg = Release|Any CPU
		{A3AF9154-D62D-48DF-B421-7CE5ECA17EFA}.Release|Any CPU.Build.0 = Release|Any CPU
		{A3AF9154-D62D-48DF-B421-7CE5ECA17EFA}.Release|Any CPU.Deploy.0 = Release|Any CPU
	EndGlobalSection
	GlobalSection(SolutionProperties) = preSolution
		HideSolutionNode = FALSE
	EndGlobalSection
EndGlobal
